
Microsoft Visual Studio Solution File, Format Version 12.00
# Visual Studio Version 17
VisualStudioVersion = 17.0.31903.59
MinimumVisualStudioVersion = 10.0.40219.1
Project("{2150E333-8FDC-42A3-9474-1A3956D46DE8}") = "Core", "Core", "{A32CCBB1-62E8-4AEB-994F-4B0DB222176F}"
EndProject
Project("{2150E333-8FDC-42A3-9474-1A3956D46DE8}") = "Presentation", "Presentation", "{F514CAA5-F1D1-4CAD-B42D-7F84A7B8480D}"
EndProject
Project("{FAE04EC0-301F-11D3-BF4B-00C04F79EFBC}") = "Domain", "Core\Domain\Domain.csproj", "{13A62B96-3C4D-4635-A435-2935FF9C0672}"
EndProject
Project("{FAE04EC0-301F-11D3-BF4B-00C04F79EFBC}") = "Application", "Core\Application\Application.csproj", "{B98EDA35-C77F-45E7-952E-2646E033E95F}"
EndProject
Project("{2150E333-8FDC-42A3-9474-1A3956D46DE8}") = "Infrastructure", "Infrastructure", "{7C493597-A83B-4F87-AC0B-DC78801E7775}"
EndProject
Project("{FAE04EC0-301F-11D3-BF4B-00C04F79EFBC}") = "Persistence", "Infrastructure\Persistence\Persistence.csproj", "{3375E760-1C90-47BB-AAA1-9C5C6B69B3F2}"
EndProject
Project("{FAE04EC0-301F-11D3-BF4B-00C04F79EFBC}") = "CleanArctectureAPI", "Presentation\CleanArctectureAPI\CleanArctectureAPI.csproj", "{FBA2ED33-5709-466B-A1FE-C220FA9CC6F1}"
EndProject
Project("{2150E333-8FDC-42A3-9474-1A3956D46DE8}") = "Test", "Test", "{55BA264D-C785-43E8-AB81-99DC4F3AFEFA}"
EndProject
Project("{FAE04EC0-301F-11D3-BF4B-00C04F79EFBC}") = "Test", "Test\Test\Test.csproj", "{53843EA2-9D5A-40D4-8ED9-B7C24FB255E9}"
EndProject
Global
	GlobalSection(SolutionConfigurationPlatforms) = preSolution
		Debug|Any CPU = Debug|Any CPU
		Debug|x64 = Debug|x64
		Debug|x86 = Debug|x86
		Release|Any CPU = Release|Any CPU
		Release|x64 = Release|x64
		Release|x86 = Release|x86
	EndGlobalSection
	GlobalSection(ProjectConfigurationPlatforms) = postSolution
		{13A62B96-3C4D-4635-A435-2935FF9C0672}.Debug|Any CPU.ActiveCfg = Debug|Any CPU
		{13A62B96-3C4D-4635-A435-2935FF9C0672}.Debug|Any CPU.Build.0 = Debug|Any CPU
		{13A62B96-3C4D-4635-A435-2935FF9C0672}.Debug|x64.ActiveCfg = Debug|Any CPU
		{13A62B96-3C4D-4635-A435-2935FF9C0672}.Debug|x64.Build.0 = Debug|Any CPU
		{13A62B96-3C4D-4635-A435-2935FF9C0672}.Debug|x86.ActiveCfg = Debug|Any CPU
		{13A62B96-3C4D-4635-A435-2935FF9C0672}.Debug|x86.Build.0 = Debug|Any CPU
		{13A62B96-3C4D-4635-A435-2935FF9C0672}.Release|Any CPU.ActiveCfg = Release|Any CPU
		{13A62B96-3C4D-4635-A435-2935FF9C0672}.Release|Any CPU.Build.0 = Release|Any CPU
		{13A62B96-3C4D-4635-A435-2935FF9C0672}.Release|x64.ActiveCfg = Release|Any CPU
		{13A62B96-3C4D-4635-A435-2935FF9C0672}.Release|x64.Build.0 = Release|Any CPU
		{13A62B96-3C4D-4635-A435-2935FF9C0672}.Release|x86.ActiveCfg = Release|Any CPU
		{13A62B96-3C4D-4635-A435-2935FF9C0672}.Release|x86.Build.0 = Release|Any CPU
		{B98EDA35-C77F-45E7-952E-2646E033E95F}.Debug|Any CPU.ActiveCfg = Debug|Any CPU
		{B98EDA35-C77F-45E7-952E-2646E033E95F}.Debug|Any CPU.Build.0 = Debug|Any CPU
		{B98EDA35-C77F-45E7-952E-2646E033E95F}.Debug|x64.ActiveCfg = Debug|Any CPU
		{B98EDA35-C77F-45E7-952E-2646E033E95F}.Debug|x64.Build.0 = Debug|Any CPU
		{B98EDA35-C77F-45E7-952E-2646E033E95F}.Debug|x86.ActiveCfg = Debug|Any CPU
		{B98EDA35-C77F-45E7-952E-2646E033E95F}.Debug|x86.Build.0 = Debug|Any CPU
		{B98EDA35-C77F-45E7-952E-2646E033E95F}.Release|Any CPU.ActiveCfg = Release|Any CPU
		{B98EDA35-C77F-45E7-952E-2646E033E95F}.Release|Any CPU.Build.0 = Release|Any CPU
		{B98EDA35-C77F-45E7-952E-2646E033E95F}.Release|x64.ActiveCfg = Release|Any CPU
		{B98EDA35-C77F-45E7-952E-2646E033E95F}.Release|x64.Build.0 = Release|Any CPU
		{B98EDA35-C77F-45E7-952E-2646E033E95F}.Release|x86.ActiveCfg = Release|Any CPU
		{B98EDA35-C77F-45E7-952E-2646E033E95F}.Release|x86.Build.0 = Release|Any CPU
		{3375E760-1C90-47BB-AAA1-9C5C6B69B3F2}.Debug|Any CPU.ActiveCfg = Debug|Any CPU
		{3375E760-1C90-47BB-AAA1-9C5C6B69B3F2}.Debug|Any CPU.Build.0 = Debug|Any CPU
		{3375E760-1C90-47BB-AAA1-9C5C6B69B3F2}.Debug|x64.ActiveCfg = Debug|Any CPU
		{3375E760-1C90-47BB-AAA1-9C5C6B69B3F2}.Debug|x64.Build.0 = Debug|Any CPU
		{3375E760-1C90-47BB-AAA1-9C5C6B69B3F2}.Debug|x86.ActiveCfg = Debug|Any CPU
		{3375E760-1C90-47BB-AAA1-9C5C6B69B3F2}.Debug|x86.Build.0 = Debug|Any CPU
		{3375E760-1C90-47BB-AAA1-9C5C6B69B3F2}.Release|Any CPU.ActiveCfg = Release|Any CPU
		{3375E760-1C90-47BB-AAA1-9C5C6B69B3F2}.Release|Any CPU.Build.0 = Release|Any CPU
		{3375E760-1C90-47BB-AAA1-9C5C6B69B3F2}.Release|x64.ActiveCfg = Release|Any CPU
		{3375E760-1C90-47BB-AAA1-9C5C6B69B3F2}.Release|x64.Build.0 = Release|Any CPU
		{3375E760-1C90-47BB-AAA1-9C5C6B69B3F2}.Release|x86.ActiveCfg = Release|Any CPU
		{3375E760-1C90-47BB-AAA1-9C5C6B69B3F2}.Release|x86.Build.0 = Release|Any CPU
		{FBA2ED33-5709-466B-A1FE-C220FA9CC6F1}.Debug|Any CPU.ActiveCfg = Debug|Any CPU
		{FBA2ED33-5709-466B-A1FE-C220FA9CC6F1}.Debug|Any CPU.Build.0 = Debug|Any CPU
		{FBA2ED33-5709-466B-A1FE-C220FA9CC6F1}.Debug|x64.ActiveCfg = Debug|Any CPU
		{FBA2ED33-5709-466B-A1FE-C220FA9CC6F1}.Debug|x64.Build.0 = Debug|Any CPU
		{FBA2ED33-5709-466B-A1FE-C220FA9CC6F1}.Debug|x86.ActiveCfg = Debug|Any CPU
		{FBA2ED33-5709-466B-A1FE-C220FA9CC6F1}.Debug|x86.Build.0 = Debug|Any CPU
		{FBA2ED33-5709-466B-A1FE-C220FA9CC6F1}.Release|Any CPU.ActiveCfg = Release|Any CPU
		{FBA2ED33-5709-466B-A1FE-C220FA9CC6F1}.Release|Any CPU.Build.0 = Release|Any CPU
		{FBA2ED33-5709-466B-A1FE-C220FA9CC6F1}.Release|x64.ActiveCfg = Release|Any CPU
		{FBA2ED33-5709-466B-A1FE-C220FA9CC6F1}.Release|x64.Build.0 = Release|Any CPU
		{FBA2ED33-5709-466B-A1FE-C220FA9CC6F1}.Release|x86.ActiveCfg = Release|Any CPU
		{FBA2ED33-5709-466B-A1FE-C220FA9CC6F1}.Release|x86.Build.0 = Release|Any CPU
		{53843EA2-9D5A-40D4-8ED9-B7C24FB255E9}.Debug|Any CPU.ActiveCfg = Debug|Any CPU
		{53843EA2-9D5A-40D4-8ED9-B7C24FB255E9}.Debug|Any CPU.Build.0 = Debug|Any CPU
		{53843EA2-9D5A-40D4-8ED9-B7C24FB255E9}.Debug|x64.ActiveCfg = Debug|Any CPU
		{53843EA2-9D5A-40D4-8ED9-B7C24FB255E9}.Debug|x64.Build.0 = Debug|Any CPU
		{53843EA2-9D5A-40D4-8ED9-B7C24FB255E9}.Debug|x86.ActiveCfg = Debug|Any CPU
		{53843EA2-9D5A-40D4-8ED9-B7C24FB255E9}.Debug|x86.Build.0 = Debug|Any CPU
		{53843EA2-9D5A-40D4-8ED9-B7C24FB255E9}.Release|Any CPU.ActiveCfg = Release|Any CPU
		{53843EA2-9D5A-40D4-8ED9-B7C24FB255E9}.Release|Any CPU.Build.0 = Release|Any CPU
		{53843EA2-9D5A-40D4-8ED9-B7C24FB255E9}.Release|x64.ActiveCfg = Release|Any CPU
		{53843EA2-9D5A-40D4-8ED9-B7C24FB255E9}.Release|x64.Build.0 = Release|Any CPU
		{53843EA2-9D5A-40D4-8ED9-B7C24FB255E9}.Release|x86.ActiveCfg = Release|Any CPU
		{53843EA2-9D5A-40D4-8ED9-B7C24FB255E9}.Release|x86.Build.0 = Release|Any CPU
	EndGlobalSection
	GlobalSection(SolutionProperties) = preSolution
		HideSolutionNode = FALSE
	EndGlobalSection
	GlobalSection(NestedProjects) = preSolution
		{13A62B96-3C4D-4635-A435-2935FF9C0672} = {A32CCBB1-62E8-4AEB-994F-4B0DB222176F}
		{B98EDA35-C77F-45E7-952E-2646E033E95F} = {A32CCBB1-62E8-4AEB-994F-4B0DB222176F}
		{3375E760-1C90-47BB-AAA1-9C5C6B69B3F2} = {7C493597-A83B-4F87-AC0B-DC78801E7775}
		{FBA2ED33-5709-466B-A1FE-C220FA9CC6F1} = {F514CAA5-F1D1-4CAD-B42D-7F84A7B8480D}
		{53843EA2-9D5A-40D4-8ED9-B7C24FB255E9} = {55BA264D-C785-43E8-AB81-99DC4F3AFEFA}
	EndGlobalSection
EndGlobal
